
Microsoft Visual Studio Solution File, Format Version 12.00
# Visual Studio Version 17
VisualStudioVersion = 17.14.36518.9 d17.14
MinimumVisualStudioVersion = 10.0.40219.1
Project("{8BC9CEB8-8B4A-11D0-8D11-00A0C91BC942}") = "3-b11-1", "3-b11-1\3-b11-1.vcxproj", "{82287D8D-0DA6-4767-B33C-0DE5C80F7E7E}"
EndProject
Global
	GlobalSection(SolutionConfigurationPlatforms) = preSolution
		Debug|x64 = Debug|x64
		Debug|x86 = Debug|x86
		Release|x64 = Release|x64
		Release|x86 = Release|x86
	EndGlobalSection
	GlobalSection(ProjectConfigurationPlatforms) = postSolution
		{82287D8D-0DA6-4767-B33C-0DE5C80F7E7E}.Debug|x64.ActiveCfg = Debug|x64
		{82287D8D-0DA6-4767-B33C-0DE5C80F7E7E}.Debug|x64.Build.0 = Debug|x64
		{82287D8D-0DA6-4767-B33C-0DE5C80F7E7E}.Debug|x86.ActiveCfg = Debug|Win32
		{82287D8D-0DA6-4767-B33C-0DE5C80F7E7E}.Debug|x86.Build.0 = Debug|Win32
		{82287D8D-0DA6-4767-B33C-0DE5C80F7E7E}.Release|x64.ActiveCfg = Release|x64
		{82287D8D-0DA6-4767-B33C-0DE5C80F7E7E}.Release|x64.Build.0 = Release|x64
		{82287D8D-0DA6-4767-B33C-0DE5C80F7E7E}.Release|x86.ActiveCfg = Release|Win32
		{82287D8D-0DA6-4767-B33C-0DE5C80F7E7E}.Release|x86.Build.0 = Release|Win32
	EndGlobalSection
	GlobalSection(SolutionProperties) = preSolution
		HideSolutionNode = FALSE
	EndGlobalSection
	GlobalSection(ExtensibilityGlobals) = postSolution
		SolutionGuid = {108BDB17-DC9C-4EF7-8BA4-943F5F3CBB03}
	EndGlobalSection
EndGlobal
